{
  "nodes": {
    "nixpkgs": {
      "locked": {
        "lastModified": 1777395829,
        "narHash": "sha256-HposVFZcsBCevgqLR73w/BpSe8J1lMgw5kASnnxO3A4=",
        "owner": "nixos",
        "repo": "nixpkgs",
        "rev": "e75f25705c2934955ee5075e62530d74aca973c6",
        "type": "github"
      },
      "original": {
        "owner": "nixos",
        "ref": "nixpkgs-unstable",
        "repo": "nixpkgs",
        "type": "github"
      }
    },
    "openms": {
      "flake": false,
      "locked": {
        "lastModified": 1777526454,
        "narHash": "sha256-O3LfWMdLfI3Lhu562WziFyxviM2EfjFXLvwpPz1jbq0=",
        "owner": "OpenMS",
        "repo": "OpenMS",
        "rev": "6ddec4c5f3b989a744854e34d479a1ce3c5e3baf",
        "type": "github"
      },
      "original": {
        "owner": "OpenMS",
        "repo": "OpenMS",
        "type": "github"
      }
    },
    "root": {
      "inputs": {
        "nixpkgs": "nixpkgs",
        "openms": "openms"
      }
    }
  },
  "root": "root",
  "version": 7
}
