{
  "nodes": {
    "nixpkgs": {
      "locked": {
        "lastModified": 1772956932,
        "narHash": "sha256-M0yS4AafhKxPPmOHGqIV0iKxgNO8bHDWdl1kOwGBwRY=",
        "owner": "nixos",
        "repo": "nixpkgs",
        "rev": "608d0cadfed240589a7eea422407a547ad626a14",
        "type": "github"
      },
      "original": {
        "owner": "nixos",
        "ref": "nixpkgs-unstable",
        "repo": "nixpkgs",
        "type": "github"
      }
    },
    "openms": {
      "flake": false,
      "locked": {
        "lastModified": 1776157484,
        "narHash": "sha256-weniZ0m4oHL5IXITHPx0NZbfTpbZ3Jk3IYuAiVOwgGk=",
        "owner": "OpenMS",
        "repo": "OpenMS",
        "rev": "daa9562c09536411494d33ba5adbc6368f1beed5",
        "type": "github"
      },
      "original": {
        "owner": "OpenMS",
        "repo": "OpenMS",
        "type": "github"
      }
    },
    "root": {
      "inputs": {
        "nixpkgs": "nixpkgs",
        "openms": "openms"
      }
    }
  },
  "root": "root",
  "version": 7
}
