{
  "nodes": {
    "nixpkgs": {
      "locked": {
        "lastModified": 1772956932,
        "narHash": "sha256-M0yS4AafhKxPPmOHGqIV0iKxgNO8bHDWdl1kOwGBwRY=",
        "owner": "nixos",
        "repo": "nixpkgs",
        "rev": "608d0cadfed240589a7eea422407a547ad626a14",
        "type": "github"
      },
      "original": {
        "owner": "nixos",
        "ref": "nixpkgs-unstable",
        "repo": "nixpkgs",
        "type": "github"
      }
    },
    "openms": {
      "flake": false,
      "locked": {
        "lastModified": 1776260209,
        "narHash": "sha256-Y33SNV+BCK+96kv9x62Ssvl0ybBKqXE6Px1bAkoPv2Y=",
        "owner": "OpenMS",
        "repo": "OpenMS",
        "rev": "cf71232ca803bedcb2f516f88b7fb64897db4f0a",
        "type": "github"
      },
      "original": {
        "owner": "OpenMS",
        "repo": "OpenMS",
        "type": "github"
      }
    },
    "root": {
      "inputs": {
        "nixpkgs": "nixpkgs",
        "openms": "openms"
      }
    }
  },
  "root": "root",
  "version": 7
}
